{
  "name": "bym",
  "lockfileVersion": 3,
  "requires": true,
  "packages": {
    "": {
      "dependencies": {
        "vue-yandex-maps": "^0.12.7"
      }
    },
    "node_modules/vue-yandex-maps": {
      "version": "0.12.7",
      "resolved": "https://registry.npmjs.org/vue-yandex-maps/-/vue-yandex-maps-0.12.7.tgz",
      "integrity": "sha512-xP9juQCF4MQvMUMcPUrPyHQoaKr4ULw/Z1Tcmte4nfcbelg1SXksROxAQYB2woz5EwSOnO5SEEigX0AkWE0suA=="
    }
  }
}
